{
  "version": "2",
  "remote": {
    "https://deno.land/std@0.184.0/async/abortable.ts": "fd682fa46f3b7b16b4606a5ab52a7ce309434b76f820d3221bdfb862719a15d7",
    "https://deno.land/std@0.184.0/async/deadline.ts": "c5facb0b404eede83e38bd2717ea8ab34faa2ffb20ef87fd261fcba32ba307aa",
    "https://deno.land/std@0.184.0/async/debounce.ts": "adab11d04ca38d699444ac8a9d9856b4155e8dda2afd07ce78276c01ea5a4332",
    "https://deno.land/std@0.184.0/async/deferred.ts": "42790112f36a75a57db4a96d33974a936deb7b04d25c6084a9fa8a49f135def8",
    "https://deno.land/std@0.184.0/async/delay.ts": "73aa04cec034c84fc748c7be49bb15cac3dd43a57174bfdb7a4aec22c248f0dd",
    "https://deno.land/std@0.184.0/async/mod.ts": "f04344fa21738e5ad6bea37a6bfffd57c617c2d372bb9f9dcfd118a1b622e576",
    "https://deno.land/std@0.184.0/async/mux_async_iterator.ts": "70c7f2ee4e9466161350473ad61cac0b9f115cff4c552eaa7ef9d50c4cbb4cc9",
    "https://deno.land/std@0.184.0/async/pool.ts": "fd082bd4aaf26445909889435a5c74334c017847842ec035739b4ae637ae8260",
    "https://deno.land/std@0.184.0/async/retry.ts": "dd19d93033d8eaddbfcb7654c0366e9d3b0a21448bdb06eba4a7d8a8cf936a92",
    "https://deno.land/std@0.184.0/async/tee.ts": "47e42d35f622650b02234d43803d0383a89eb4387e1b83b5a40106d18ae36757",
    "https://deno.land/std@0.184.0/http/server.ts": "cbb17b594651215ba95c01a395700684e569c165a567e4e04bba327f41197433",
    "https://deno.land/x/markup_tag@0.4.0/mod.ts": "27ac5deb9f5dff3b99cb202b21c74315fa17c762e7009c6e223bbdc7c2f7061d",
    "https://esm.sh/@atproto/api@0.2.10": "105a304654eec470bfac54fe87fce5e3e5bf44c6af2e7931fef9191c281eea94",
    "https://esm.sh/v119/@atproto/api@0.2.10/deno/api.mjs": "99c8656091d233a7afb2936b8923b44ab926c91b0f217e00f1b46a4b22ae67e5",
    "https://esm.sh/v119/@atproto/api@0.2.10/dist/agent.d.ts": "b8f28115f6e17186176546410c45dbb11fd3bdcc33c8fbc1e1f141e06b1d3026",
    "https://esm.sh/v119/@atproto/api@0.2.10/dist/bsky-agent.d.ts": "d8054e8fc3a8f5b992327192f8f4d1321d0f51ccfb0ecfd76818c967b00ffeba",
    "https://esm.sh/v119/@atproto/api@0.2.10/dist/client/index.d.ts": "31371acc647d7a4f1c784b4b8b6ec2307c1e59b254222f2fad380e5469aaba77",
    "https://esm.sh/v119/@atproto/api@0.2.10/dist/client/types/app/bsky/actor/defs.d.ts": "ccb0b67ce3e69c10d373d69218ae537c78e64c14e1ec4b98e82daacba67cd357",
    "https://esm.sh/v119/@atproto/api@0.2.10/dist/client/types/app/bsky/actor/getProfile.d.ts": "53c44df2451ac0b90f86c967e76b57d25152becde397bb4f18850d87a7f8cbb3",
    "https://esm.sh/v119/@atproto/api@0.2.10/dist/client/types/app/bsky/actor/getProfiles.d.ts": "7973488b43898c13a3e47f147c34d6c9dd9109404fa7c6a078d7cdcc60d18ecc",
    "https://esm.sh/v119/@atproto/api@0.2.10/dist/client/types/app/bsky/actor/getSuggestions.d.ts": "3449b907bb8d986ccc2f54741be18d7ac024cb4420658d991efdbe09b03bf6f7",
    "https://esm.sh/v119/@atproto/api@0.2.10/dist/client/types/app/bsky/actor/profile.d.ts": "d037f477f0970996d39c124e3f08f1ba03a4b191bd057f3ecd4a01885a808064",
    "https://esm.sh/v119/@atproto/api@0.2.10/dist/client/types/app/bsky/actor/searchActors.d.ts": "2fbcdc99afc329991feb1e35cae9527e457afb89cd21d4c45a9e92861a2e4d32",
    "https://esm.sh/v119/@atproto/api@0.2.10/dist/client/types/app/bsky/actor/searchActorsTypeahead.d.ts": "074190b896afb36dcd270c76d0ec81dc093112b6897005093912feef6c82d188",
    "https://esm.sh/v119/@atproto/api@0.2.10/dist/client/types/app/bsky/embed/external.d.ts": "95ac02613bf4d07a0dd5de88dce9caedc99de171bbc85d60607641e54e3f2e48",
    "https://esm.sh/v119/@atproto/api@0.2.10/dist/client/types/app/bsky/embed/images.d.ts": "710a0ed2b262fe4f81a1e4dcdb4c08187e620b1f6611606b219a161b43c8b293",
    "https://esm.sh/v119/@atproto/api@0.2.10/dist/client/types/app/bsky/embed/record.d.ts": "538fa3ee3c27bc5babed27f76dc0b6711cba8ab45f0ffc51f49c7a776d15b1bc",
    "https://esm.sh/v119/@atproto/api@0.2.10/dist/client/types/app/bsky/embed/recordWithMedia.d.ts": "015d2a09907dbae98a4d3475d4b75ddbc3ae6ea113c27363b8428bd86f4381b2",
    "https://esm.sh/v119/@atproto/api@0.2.10/dist/client/types/app/bsky/feed/defs.d.ts": "182405c490973226e39075df739f1db5caf3978de3e176fd829c67183fa0bed5",
    "https://esm.sh/v119/@atproto/api@0.2.10/dist/client/types/app/bsky/feed/getAuthorFeed.d.ts": "ab0481304556adf176079c3b5cd75baa5087e0ed260cfd42367a7d4328821add",
    "https://esm.sh/v119/@atproto/api@0.2.10/dist/client/types/app/bsky/feed/getLikes.d.ts": "9373dfef172b3bc4787e967b24518a46ffd8f84264fd9d8a35dd79170b77022f",
    "https://esm.sh/v119/@atproto/api@0.2.10/dist/client/types/app/bsky/feed/getPostThread.d.ts": "17266f2f0da6118aa32099343ec059c2a8828b50a7a6f5e933e3d1a7a21811d7",
    "https://esm.sh/v119/@atproto/api@0.2.10/dist/client/types/app/bsky/feed/getPosts.d.ts": "0afa6a1dd92f4408633f7c4afca119af03278cf5fc4dc142f6f01166102c4f29",
    "https://esm.sh/v119/@atproto/api@0.2.10/dist/client/types/app/bsky/feed/getRepostedBy.d.ts": "f3c1b9b9a08b75d9a0907a01098aee645d6506277ffb1b0ae6bdb2090746e6e8",
    "https://esm.sh/v119/@atproto/api@0.2.10/dist/client/types/app/bsky/feed/getTimeline.d.ts": "6546809097b3cce4620eb7d5f8e5ff8287820123a347e68d2aa9856f71da3d9f",
    "https://esm.sh/v119/@atproto/api@0.2.10/dist/client/types/app/bsky/feed/like.d.ts": "1d28ec5d3e3208d3aee8699d260d6e373f3d0cb4946053b923ac6234612ac5a5",
    "https://esm.sh/v119/@atproto/api@0.2.10/dist/client/types/app/bsky/feed/post.d.ts": "48117359382870ec5228177803910db6986c0f341e0997dcb5f40e684468fac8",
    "https://esm.sh/v119/@atproto/api@0.2.10/dist/client/types/app/bsky/feed/repost.d.ts": "1d28ec5d3e3208d3aee8699d260d6e373f3d0cb4946053b923ac6234612ac5a5",
    "https://esm.sh/v119/@atproto/api@0.2.10/dist/client/types/app/bsky/graph/follow.d.ts": "122d7e0d4ee9734db81a03e917a23c7761decbdadaa07c6ad804f0a1cfd1c306",
    "https://esm.sh/v119/@atproto/api@0.2.10/dist/client/types/app/bsky/graph/getFollowers.d.ts": "201bef03b7a7b0e776d888aa81b7871aacc686c475194e102a6c70c9d9dc3e73",
    "https://esm.sh/v119/@atproto/api@0.2.10/dist/client/types/app/bsky/graph/getFollows.d.ts": "843bd98b047c7e9063e8c2295ae0baf5daea5e44e8b47cadd8e36ab040a2109b",
    "https://esm.sh/v119/@atproto/api@0.2.10/dist/client/types/app/bsky/graph/getMutes.d.ts": "9303d2ce30c498a0b0f1e463a9291c018301828ba26a52f9af2b6e4448bcbdad",
    "https://esm.sh/v119/@atproto/api@0.2.10/dist/client/types/app/bsky/graph/muteActor.d.ts": "980891787426948b94b5106018dfec73a3f671f15eceb9e61a64755887eb839e",
    "https://esm.sh/v119/@atproto/api@0.2.10/dist/client/types/app/bsky/graph/unmuteActor.d.ts": "980891787426948b94b5106018dfec73a3f671f15eceb9e61a64755887eb839e",
    "https://esm.sh/v119/@atproto/api@0.2.10/dist/client/types/app/bsky/notification/getUnreadCount.d.ts": "63eda517288e19844a878bf5bcd550820bc76dbd8f5a951556f4d820b24b712d",
    "https://esm.sh/v119/@atproto/api@0.2.10/dist/client/types/app/bsky/notification/listNotifications.d.ts": "cdd55063b3e3556232fd39c7400de1ac87a2f99beb5e5477cbfc58f8e1290435",
    "https://esm.sh/v119/@atproto/api@0.2.10/dist/client/types/app/bsky/notification/updateSeen.d.ts": "2933fdf6457f7397b78fd49bed679bba5d39c3ef0534e9a52ce753645cdb2166",
    "https://esm.sh/v119/@atproto/api@0.2.10/dist/client/types/app/bsky/richtext/facet.d.ts": "0c03cfb75a93ccdd2a761965f230f72b0b1f6ed21cbfffdbac719b30e3381207",
    "https://esm.sh/v119/@atproto/api@0.2.10/dist/client/types/app/bsky/unspecced/getPopular.d.ts": "3732e0515b406ed2e6392c5ff5da750ad3a162e6411b5ccc7db80faa78dc9f00",
    "https://esm.sh/v119/@atproto/api@0.2.10/dist/client/types/com/atproto/admin/defs.d.ts": "58790ac8bc90ca7eeaa1141ac5b8ce024e60ae987d98872a396e886ed11f8e8d",
    "https://esm.sh/v119/@atproto/api@0.2.10/dist/client/types/com/atproto/admin/disableInviteCodes.d.ts": "03331d077011702679cc2baf851eec865ce6a52b5246a27f3dc41d6efeec632e",
    "https://esm.sh/v119/@atproto/api@0.2.10/dist/client/types/com/atproto/admin/getInviteCodes.d.ts": "3c0cb8656ced45ff7b9c06702cfdb3ea3f6327d743445e43ca378361ebce6ace",
    "https://esm.sh/v119/@atproto/api@0.2.10/dist/client/types/com/atproto/admin/getModerationAction.d.ts": "b88071b61777dccf3e32af0503985a631547c21137555130ae99b932907e20cf",
    "https://esm.sh/v119/@atproto/api@0.2.10/dist/client/types/com/atproto/admin/getModerationActions.d.ts": "2ffc89d392f86700f5241805a2e834153b40db9ca0d254a8b11e86e471be0e5a",
    "https://esm.sh/v119/@atproto/api@0.2.10/dist/client/types/com/atproto/admin/getModerationReport.d.ts": "f05e42f317c458515e203a0a89d9cdf4fe187b12a3bb53cd1c4d0134f094a75d",
    "https://esm.sh/v119/@atproto/api@0.2.10/dist/client/types/com/atproto/admin/getModerationReports.d.ts": "8c7be03f4df2626960e5e8a9bde60f92d9ea7e07add838fde8f2f59e26c4cfca",
    "https://esm.sh/v119/@atproto/api@0.2.10/dist/client/types/com/atproto/admin/getRecord.d.ts": "b60f8d53aa7de8d375dda1da8764845a2b95e861ad536de1d3145abb5954a507",
    "https://esm.sh/v119/@atproto/api@0.2.10/dist/client/types/com/atproto/admin/getRepo.d.ts": "4e447ad1faacdbdb4a85e4c400e62bcb04c11f359a1ff73426c2591dbe8a7fb8",
    "https://esm.sh/v119/@atproto/api@0.2.10/dist/client/types/com/atproto/admin/resolveModerationReports.d.ts": "2ae829193e6d83d426163d46320959e841376263ac5fbbf31655167a86a70b0c",
    "https://esm.sh/v119/@atproto/api@0.2.10/dist/client/types/com/atproto/admin/reverseModerationAction.d.ts": "19c5beda0e41ebd84dcb38d04839df222f6bd616b2ee71eb7a659029ccc7f7be",
    "https://esm.sh/v119/@atproto/api@0.2.10/dist/client/types/com/atproto/admin/searchRepos.d.ts": "89567de872fa704f96a9a5f638a312f22c69d781811d2c8dffe0649c8ceffe04",
    "https://esm.sh/v119/@atproto/api@0.2.10/dist/client/types/com/atproto/admin/takeModerationAction.d.ts": "f643d7d5244b569a0f4cbb4031844c93fc906a2fdf3816cc13276269b5ff9fe5",
    "https://esm.sh/v119/@atproto/api@0.2.10/dist/client/types/com/atproto/admin/updateAccountEmail.d.ts": "f06004be9df5e97ee5fe049541efa66964a3a665f162845158f3315e3da1b56e",
    "https://esm.sh/v119/@atproto/api@0.2.10/dist/client/types/com/atproto/admin/updateAccountHandle.d.ts": "622e936c4e85307d9e3f7f97e5599c6f7b0fed2ece3b4b0d63ede7099d7b1275",
    "https://esm.sh/v119/@atproto/api@0.2.10/dist/client/types/com/atproto/identity/resolveHandle.d.ts": "36519356861801502ee14c5dcf377b348714b195c766bdfcbb2b71c8db2b9464",
    "https://esm.sh/v119/@atproto/api@0.2.10/dist/client/types/com/atproto/identity/updateHandle.d.ts": "5afc8351387e9f283795b7a38f93c2c69dc1faced3afc68e1eb26e190e9e1ad7",
    "https://esm.sh/v119/@atproto/api@0.2.10/dist/client/types/com/atproto/label/defs.d.ts": "4a54f368719998b48855fcb136b21b89b94ff4a3691f7175fa20f43e64b1eb1e",
    "https://esm.sh/v119/@atproto/api@0.2.10/dist/client/types/com/atproto/label/queryLabels.d.ts": "c3e158712f49b8c2f9ec0711f89973490879ad6c0ce443d77063826330367e7c",
    "https://esm.sh/v119/@atproto/api@0.2.10/dist/client/types/com/atproto/label/subscribeLabels.d.ts": "223d2815720d4fa0ffbf1dcad1db4b88f3a55a52d5c82bc0056a1f29b6989f93",
    "https://esm.sh/v119/@atproto/api@0.2.10/dist/client/types/com/atproto/moderation/createReport.d.ts": "03b3aec490deb7e9bb8b05ebcbd5066077862973adcff43ac5b7a78ef7f2ba38",
    "https://esm.sh/v119/@atproto/api@0.2.10/dist/client/types/com/atproto/moderation/defs.d.ts": "df946e4b978fe565743e5ecb5bdf314cc5ba1f0fd304574fb67b12b3faf51f62",
    "https://esm.sh/v119/@atproto/api@0.2.10/dist/client/types/com/atproto/repo/applyWrites.d.ts": "1326e5a91dc621dbc0391a9e960232c2c4ca0d6ea6f4df97eb319c9232d09294",
    "https://esm.sh/v119/@atproto/api@0.2.10/dist/client/types/com/atproto/repo/createRecord.d.ts": "42f60d6e7b6f4323a3d2a45f1d045f56a078dba61df24f10c642a4565e3c9e52",
    "https://esm.sh/v119/@atproto/api@0.2.10/dist/client/types/com/atproto/repo/deleteRecord.d.ts": "dc7ae55894b4ff1757075e51b345273f94e33c3ea17dcc4bf81c9cf6205d82e1",
    "https://esm.sh/v119/@atproto/api@0.2.10/dist/client/types/com/atproto/repo/describeRepo.d.ts": "38fce96d66f822752a1d36b3567f91a4d3fc312254628c2aacd3dd9300346b8d",
    "https://esm.sh/v119/@atproto/api@0.2.10/dist/client/types/com/atproto/repo/getRecord.d.ts": "de23b82ea1e01ca1bf7d4aaeb1f79e744464cc2062cf3049af4bd4be22181ae4",
    "https://esm.sh/v119/@atproto/api@0.2.10/dist/client/types/com/atproto/repo/listRecords.d.ts": "627c7da5d688bce4499f23e8a79f25d001a0af015c56958e04bacad301c9420d",
    "https://esm.sh/v119/@atproto/api@0.2.10/dist/client/types/com/atproto/repo/putRecord.d.ts": "ddae4cae562ceec6424c71803a117047aec63fd60e3e4273d40aaf3433086982",
    "https://esm.sh/v119/@atproto/api@0.2.10/dist/client/types/com/atproto/repo/strongRef.d.ts": "80b0ffceaff4150ec84f7c9d27006116846fa590d50e08b5a534224aad0e2d86",
    "https://esm.sh/v119/@atproto/api@0.2.10/dist/client/types/com/atproto/repo/uploadBlob.d.ts": "981b4cf7529b7295db7ab14049c32bd407c5857eed0e2380af269fd15026a65f",
    "https://esm.sh/v119/@atproto/api@0.2.10/dist/client/types/com/atproto/server/createAccount.d.ts": "185c3942e455b71e47d7d92738808b5a1cc4ed81d959add3a934f85a663821ac",
    "https://esm.sh/v119/@atproto/api@0.2.10/dist/client/types/com/atproto/server/createAppPassword.d.ts": "1af79e88970045b58ccfaf75bc6b31f3a41dcec3a8401204c043d91061daf092",
    "https://esm.sh/v119/@atproto/api@0.2.10/dist/client/types/com/atproto/server/createInviteCode.d.ts": "b7b7ac143226e99b13786601e7391d6d9858e4b6d000c1fc12930c40313a647b",
    "https://esm.sh/v119/@atproto/api@0.2.10/dist/client/types/com/atproto/server/createInviteCodes.d.ts": "eb0c9b70c0474e0c6b9351ad1fe6bca166dc551df5cb6cbb9dd1dc75ef9ac5b0",
    "https://esm.sh/v119/@atproto/api@0.2.10/dist/client/types/com/atproto/server/createSession.d.ts": "49959031c844f07abbed416015dd54568d1fb23edbc5be6ddbd0919aebb12d50",
    "https://esm.sh/v119/@atproto/api@0.2.10/dist/client/types/com/atproto/server/defs.d.ts": "6c92e5734a34d563bca158f2356e6aa1729d8b8b84579641eaa2d963b0824cbd",
    "https://esm.sh/v119/@atproto/api@0.2.10/dist/client/types/com/atproto/server/deleteAccount.d.ts": "222cf1e4a4c6e7b61e6668d3cd38074fd3aa200cf8e0004e3515e7f888fc6ce8",
    "https://esm.sh/v119/@atproto/api@0.2.10/dist/client/types/com/atproto/server/deleteSession.d.ts": "57c526f12fc6615adff4b4b5aea164126b8b56a1f4072b0063cf368b32b055ab",
    "https://esm.sh/v119/@atproto/api@0.2.10/dist/client/types/com/atproto/server/describeServer.d.ts": "04b2373e92b377403194f5058b7514a226dc8a86dd8dff4dd445afd10fb477cd",
    "https://esm.sh/v119/@atproto/api@0.2.10/dist/client/types/com/atproto/server/getAccountInviteCodes.d.ts": "556ae198288ba4f49cd515ace227201d89ed4fde511f4baf5e5b640fb008a4cb",
    "https://esm.sh/v119/@atproto/api@0.2.10/dist/client/types/com/atproto/server/getSession.d.ts": "56cccebc78134b4eb2056fa0af7dbebdf8d3e5e042de11866ece62ab011275b6",
    "https://esm.sh/v119/@atproto/api@0.2.10/dist/client/types/com/atproto/server/listAppPasswords.d.ts": "05e79d055ad025f69c98defd1c713dc5815c2b5459a939fe8d3b3f96fff2ec74",
    "https://esm.sh/v119/@atproto/api@0.2.10/dist/client/types/com/atproto/server/refreshSession.d.ts": "8f4550043c974ec872a22d2975b774e1c1219ddf4622fdc0d6b2aefb66028cdd",
    "https://esm.sh/v119/@atproto/api@0.2.10/dist/client/types/com/atproto/server/requestAccountDelete.d.ts": "57c526f12fc6615adff4b4b5aea164126b8b56a1f4072b0063cf368b32b055ab",
    "https://esm.sh/v119/@atproto/api@0.2.10/dist/client/types/com/atproto/server/requestPasswordReset.d.ts": "becdd12a6f6db319a2a7fe9443e65ae5688515c01d35fc69f5baa089d8363388",
    "https://esm.sh/v119/@atproto/api@0.2.10/dist/client/types/com/atproto/server/resetPassword.d.ts": "cb37fa3370ddc81ee7aae1e1619ba0d96b5caa41d0b6712a9fe43849e8392725",
    "https://esm.sh/v119/@atproto/api@0.2.10/dist/client/types/com/atproto/server/revokeAppPassword.d.ts": "b458a339a1e819427e6a9bf41b83818b2df4744ac97be7e916b8507af9aac13b",
    "https://esm.sh/v119/@atproto/api@0.2.10/dist/client/types/com/atproto/sync/getBlob.d.ts": "bc4d7b46cd74275c2b4a61992c1621bdc8edf01095f507aa83c6db76a33a7415",
    "https://esm.sh/v119/@atproto/api@0.2.10/dist/client/types/com/atproto/sync/getBlocks.d.ts": "20974ad0d2d78f1d6c21b8aba29351616cac1507ed855f622dbe43e47f26c889",
    "https://esm.sh/v119/@atproto/api@0.2.10/dist/client/types/com/atproto/sync/getCheckout.d.ts": "074dbb3970e2d7ae451a1e7bbd50f0cc793cc8f2ed761a761772022fb27665f1",
    "https://esm.sh/v119/@atproto/api@0.2.10/dist/client/types/com/atproto/sync/getCommitPath.d.ts": "422565b17eec3b313f14e15aea22592667b0bcd1cd1e481b483dff633214a7d1",
    "https://esm.sh/v119/@atproto/api@0.2.10/dist/client/types/com/atproto/sync/getHead.d.ts": "3e340729e737e2404d82df6b54ff3cedb2997b731a9de4ad8b5d0522d2a4cd59",
    "https://esm.sh/v119/@atproto/api@0.2.10/dist/client/types/com/atproto/sync/getRecord.d.ts": "86f96ca4bd283d2c93110f04ae4199d34ba066e4d9cce246fdba0c668ae6a08b",
    "https://esm.sh/v119/@atproto/api@0.2.10/dist/client/types/com/atproto/sync/getRepo.d.ts": "83fb2ef590ec0507300060c70b2b85b43c6a427fabdcef82eebe4e2fda54b661",
    "https://esm.sh/v119/@atproto/api@0.2.10/dist/client/types/com/atproto/sync/listBlobs.d.ts": "abfb3a8fb5740a6bf169a4c201c5d705fb087474c8165d0f43b412cd96d709f0",
    "https://esm.sh/v119/@atproto/api@0.2.10/dist/client/types/com/atproto/sync/listRepos.d.ts": "dc656d0bef190fbbb5618caf0c4801196327c99a52e490d84d507a6568a1c1fb",
    "https://esm.sh/v119/@atproto/api@0.2.10/dist/client/types/com/atproto/sync/notifyOfUpdate.d.ts": "cafbc561384af0e3d14f5285297a465790b06c18b8d934701a5abce438a68a83",
    "https://esm.sh/v119/@atproto/api@0.2.10/dist/client/types/com/atproto/sync/requestCrawl.d.ts": "cafbc561384af0e3d14f5285297a465790b06c18b8d934701a5abce438a68a83",
    "https://esm.sh/v119/@atproto/api@0.2.10/dist/client/types/com/atproto/sync/subscribeRepos.d.ts": "f6f5710742c8112d680ea08075376cd92813d0dc4eab442b7b0a20c2579bdd2e",
    "https://esm.sh/v119/@atproto/api@0.2.10/dist/index.d.ts": "5c863e39775eae999d58b8e63fa4619c511bea326f6a3d890beea85f8e19c17d",
    "https://esm.sh/v119/@atproto/api@0.2.10/dist/rich-text/rich-text.d.ts": "d0af1194b871cf1df3d48bff7aee66cd075ab484f5e43bf850e4de396daf6f51",
    "https://esm.sh/v119/@atproto/api@0.2.10/dist/rich-text/sanitization.d.ts": "ef11db2eb94d3e9c25bcf5a1c7dcb14d6a5b8f95c1c8f2e5df269887a54127d4",
    "https://esm.sh/v119/@atproto/api@0.2.10/dist/rich-text/unicode.d.ts": "1ca430f1782d38f7d1f8c0c7f31e4de30cd82213f9a2dfeeeba74b3633188388",
    "https://esm.sh/v119/@atproto/api@0.2.10/dist/types.d.ts": "ed4256a5acefb51abb789a93817c1443a3114283aabd60bbc3c2990544b99588"
  }
}
